
Microsoft Visual Studio Solution File, Format Version 12.00
# Visual Studio Version 17
VisualStudioVersion = 17.7.34221.43
MinimumVisualStudioVersion = 10.0.40219.1
Project("{FAE04EC0-301F-11D3-BF4B-00C04F79EFBC}") = "P01_StudentSystem", "P01_StudentSystem\P01_StudentSystem.csproj", "{181F4AEB-08BE-430D-88F5-941EBB42929B}"
EndProject
Global
	GlobalSection(SolutionConfigurationPlatforms) = preSolution
		Debug|Any CPU = Debug|Any CPU
		Release|Any CPU = Release|Any CPU
	EndGlobalSection
	GlobalSection(ProjectConfigurationPlatforms) = postSolution
		{181F4AEB-08BE-430D-88F5-941EBB42929B}.Debug|Any CPU.ActiveCfg = Debug|Any CPU
		{181F4AEB-08BE-430D-88F5-941EBB42929B}.Debug|Any CPU.Build.0 = Debug|Any CPU
		{181F4AEB-08BE-430D-88F5-941EBB42929B}.Release|Any CPU.ActiveCfg = Release|Any CPU
		{181F4AEB-08BE-430D-88F5-941EBB42929B}.Release|Any CPU.Build.0 = Release|Any CPU
	EndGlobalSection
	GlobalSection(SolutionProperties) = preSolution
		HideSolutionNode = FALSE
	EndGlobalSection
	GlobalSection(ExtensibilityGlobals) = postSolution
		SolutionGuid = {7E262AFA-9D95-4DE0-82AA-9554852BF832}
	EndGlobalSection
EndGlobal
